services:
  crawl4ai:
    image: unclecode/crawl4ai@sha256:84751dab794259db05d5bd4e5c766a8041a65f0554326e4516e620abdf2fa18b
  open-webui:
    image: ghcr.io/open-webui/open-webui@sha256:8b432fe0a65b91116afc7961365c6cca5379cc923171386a96691f3471f3cae9
  qdrant:
    image: qdrant/qdrant@sha256:12364fe851b9f17356fc88189fc06d1b521262e04659ec7345975b00c9246a10
  searxng:
    image: searxng/searxng@sha256:1ef964f6dcc811a60e01049717b6e526b25a1c52935350143f04e0ae291b3dbd
